// !$*UTF8*$!
{
	archiveVersion = 1;
	classes = {
	};
	objectVersion = 77;
	objects = {

/* Begin PBXBuildFile section */
		6416484D2E16D1F10022B307 /* Message.swift in Sources */ = {isa = PBXBuildFile; fileRef = 6416484C2E16D1F10022B307 /* Message.swift */; };
		6416484F2E16D6580022B307 /* MessageBubbleView.swift in Sources */ = {isa = PBXBuildFile; fileRef = 6416484E2E16D6580022B307 /* MessageBubbleView.swift */; };
		64B1B9442E1C203E009487B5 /* MessageInputView.swift in Sources */ = {isa = PBXBuildFile; fileRef = 64B1B9432E1C203E009487B5 /* MessageInputView.swift */; };
		64B1B9462E1C24FC009487B5 /* TypingIndicator.swift in Sources */ = {isa = PBXBuildFile; fileRef = 64B1B9452E1C24FC009487B5 /* TypingIndicator.swift */; };
		64BBEBE42E15B59500AB4DA4 /* Assets.xcassets in Resources */ = {isa = PBXBuildFile; fileRef = 64BBEBE02E15B59500AB4DA4 /* Assets.xcassets */; };
		64BBEBE52E15B59500AB4DA4 /* chatterBotApp.swift in Sources */ = {isa = PBXBuildFile; fileRef = 64BBEBE12E15B59500AB4DA4 /* chatterBotApp.swift */; };
		64BBEBE62E15B59500AB4DA4 /* ContentView.swift in Sources */ = {isa = PBXBuildFile; fileRef = 64BBEBE22E15B59500AB4DA4 /* ContentView.swift */; };
		64BBEBEC2E15B5E500AB4DA4 /* APIClient.swift in Sources */ = {isa = PBXBuildFile; fileRef = 64BBEBEB2E15B5E500AB4DA4 /* APIClient.swift */; };
		64BBEBEE2E15C57B00AB4DA4 /* OpenAIResponse.swift in Sources */ = {isa = PBXBuildFile; fileRef = 64BBEBED2E15C57B00AB4DA4 /* OpenAIResponse.swift */; };
/* End PBXBuildFile section */

/* Begin PBXFileReference section */
		6416484C2E16D1F10022B307 /* Message.swift */ = {isa = PBXFileReference; lastKnownFileType = sourcecode.swift; path = Message.swift; sourceTree = "<group>"; };
		6416484E2E16D6580022B307 /* MessageBubbleView.swift */ = {isa = PBXFileReference; lastKnownFileType = sourcecode.swift; path = MessageBubbleView.swift; sourceTree = "<group>"; };
		64B1B9432E1C203E009487B5 /* MessageInputView.swift */ = {isa = PBXFileReference; lastKnownFileType = sourcecode.swift; path = MessageInputView.swift; sourceTree = "<group>"; };
		64B1B9452E1C24FC009487B5 /* TypingIndicator.swift */ = {isa = PBXFileReference; lastKnownFileType = sourcecode.swift; path = TypingIndicator.swift; sourceTree = "<group>"; };
		64BBEBD22E15B4FA00AB4DA4 /* chatterBot.app */ = {isa = PBXFileReference; explicitFileType = wrapper.application; includeInIndex = 0; path = chatterBot.app; sourceTree = BUILT_PRODUCTS_DIR; };
		64BBEBE02E15B59500AB4DA4 /* Assets.xcassets */ = {isa = PBXFileReference; lastKnownFileType = folder.assetcatalog; path = Assets.xcassets; sourceTree = "<group>"; };
		64BBEBE12E15B59500AB4DA4 /* chatterBotApp.swift */ = {isa = PBXFileReference; lastKnownFileType = sourcecode.swift; path = chatterBotApp.swift; sourceTree = "<group>"; };
		64BBEBE22E15B59500AB4DA4 /* ContentView.swift */ = {isa = PBXFileReference; lastKnownFileType = sourcecode.swift; path = ContentView.swift; sourceTree = "<group>"; };
		64BBEBEB2E15B5E500AB4DA4 /* APIClient.swift */ = {isa = PBXFileReference; lastKnownFileType = sourcecode.swift; path = APIClient.swift; sourceTree = "<group>"; };
		64BBEBED2E15C57B00AB4DA4 /* OpenAIResponse.swift */ = {isa = PBXFileReference; lastKnownFileType = sourcecode.swift; path = OpenAIResponse.swift; sourceTree = "<group>"; };
/* End PBXFileReference section */

/* Begin PBXFrameworksBuildPhase section */
		64BBEBCF2E15B4FA00AB4DA4 /* Frameworks */ = {
			isa = PBXFrameworksBuildPhase;
			buildActionMask = 2147483647;
			files = (
			);
			runOnlyForDeploymentPostprocessing = 0;
		};
/* End PBXFrameworksBuildPhase section */

/* Begin PBXGroup section */
		64BBEBC92E15B4FA00AB4DA4 = {
			isa = PBXGroup;
			children = (
				64BBEBE32E15B59500AB4DA4 /* chatterBot */,
				64BBEBE92E15B5A800AB4DA4 /* Assets */,
				64BBEBD32E15B4FA00AB4DA4 /* Products */,
			);
			sourceTree = "<group>";
		};
		64BBEBD32E15B4FA00AB4DA4 /* Products */ = {
			isa = PBXGroup;
			children = (
				64BBEBD22E15B4FA00AB4DA4 /* chatterBot.app */,
			);
			name = Products;
			sourceTree = "<group>";
		};
		64BBEBE32E15B59500AB4DA4 /* chatterBot */ = {
			isa = PBXGroup;
			children = (
				64BBEBE12E15B59500AB4DA4 /* chatterBotApp.swift */,
				64BBEBE22E15B59500AB4DA4 /* ContentView.swift */,
				64BBEBE82E15B5A300AB4DA4 /* Models */,
				64BBEBE72E15B59E00AB4DA4 /* Views */,
				64BBEBEA2E15B5C600AB4DA4 /* API */,
			);
			path = chatterBot;
			sourceTree = "<group>";
		};
		64BBEBE72E15B59E00AB4DA4 /* Views */ = {
			isa = PBXGroup;
			children = (
				6416484E2E16D6580022B307 /* MessageBubbleView.swift */,
				64B1B9432E1C203E009487B5 /* MessageInputView.swift */,
				64B1B9452E1C24FC009487B5 /* TypingIndicator.swift */,
			);
			path = Views;
			sourceTree = "<group>";
		};
		64BBEBE82E15B5A300AB4DA4 /* Models */ = {
			isa = PBXGroup;
			children = (
				64BBEBED2E15C57B00AB4DA4 /* OpenAIResponse.swift */,
				6416484C2E16D1F10022B307 /* Message.swift */,
			);
			path = Models;
			sourceTree = "<group>";
		};
		64BBEBE92E15B5A800AB4DA4 /* Assets */ = {
			isa = PBXGroup;
			children = (
				64BBEBE02E15B59500AB4DA4 /* Assets.xcassets */,
			);
			path = Assets;
			sourceTree = "<group>";
		};
		64BBEBEA2E15B5C600AB4DA4 /* API */ = {
			isa = PBXGroup;
			children = (
				64BBEBEB2E15B5E500AB4DA4 /* APIClient.swift */,
			);
			path = API;
			sourceTree = "<group>";
		};
/* End PBXGroup section */

/* Begin PBXNativeTarget section */
		64BBEBD12E15B4FA00AB4DA4 /* chatterBot */ = {
			isa = PBXNativeTarget;
			buildConfigurationList = 64BBEBDD2E15B4FB00AB4DA4 /* Build configuration list for PBXNativeTarget "chatterBot" */;
			buildPhases = (
				64BBEBCE2E15B4FA00AB4DA4 /* Sources */,
				64BBEBCF2E15B4FA00AB4DA4 /* Frameworks */,
				64BBEBD02E15B4FA00AB4DA4 /* Resources */,
			);
			buildRules = (
			);
			dependencies = (
			);
			name = chatterBot;
			packageProductDependencies = (
			);
			productName = chatterBot;
			productReference = 64BBEBD22E15B4FA00AB4DA4 /* chatterBot.app */;
			productType = "com.apple.product-type.application";
		};
/* End PBXNativeTarget section */

/* Begin PBXProject section */
		64BBEBCA2E15B4FA00AB4DA4 /* Project object */ = {
			isa = PBXProject;
			attributes = {
				BuildIndependentTargetsInParallel = 1;
				LastSwiftUpdateCheck = 1640;
				LastUpgradeCheck = 1640;
				TargetAttributes = {
					64BBEBD12E15B4FA00AB4DA4 = {
						CreatedOnToolsVersion = 16.4;
					};
				};
			};
			buildConfigurationList = 64BBEBCD2E15B4FA00AB4DA4 /* Build configuration list for PBXProject "chatterBot" */;
			developmentRegion = en;
			hasScannedForEncodings = 0;
			knownRegions = (
				en,
				Base,
			);
			mainGroup = 64BBEBC92E15B4FA00AB4DA4;
			minimizedProjectReferenceProxies = 1;
			preferredProjectObjectVersion = 77;
			productRefGroup = 64BBEBD32E15B4FA00AB4DA4 /* Products */;
			projectDirPath = "";
			projectRoot = "";
			targets = (
				64BBEBD12E15B4FA00AB4DA4 /* chatterBot */,
			);
		};
/* End PBXProject section */

/* Begin PBXResourcesBuildPhase section */
		64BBEBD02E15B4FA00AB4DA4 /* Resources */ = {
			isa = PBXResourcesBuildPhase;
			buildActionMask = 2147483647;
			files = (
				64BBEBE42E15B59500AB4DA4 /* Assets.xcassets in Resources */,
			);
			runOnlyForDeploymentPostprocessing = 0;
		};
/* End PBXResourcesBuildPhase section */

/* Begin PBXSourcesBuildPhase section */
		64BBEBCE2E15B4FA00AB4DA4 /* Sources */ = {
			isa = PBXSourcesBuildPhase;
			buildActionMask = 2147483647;
			files = (
				64B1B9462E1C24FC009487B5 /* TypingIndicator.swift in Sources */,
				64BBEBE52E15B59500AB4DA4 /* chatterBotApp.swift in Sources */,
				64B1B9442E1C203E009487B5 /* MessageInputView.swift in Sources */,
				6416484F2E16D6580022B307 /* MessageBubbleView.swift in Sources */,
				64BBEBE62E15B59500AB4DA4 /* ContentView.swift in Sources */,
				6416484D2E16D1F10022B307 /* Message.swift in Sources */,
				64BBEBEE2E15C57B00AB4DA4 /* OpenAIResponse.swift in Sources */,
				64BBEBEC2E15B5E500AB4DA4 /* APIClient.swift in Sources */,
			);
			runOnlyForDeploymentPostprocessing = 0;
		};
/* End PBXSourcesBuildPhase section */

/* Begin XCBuildConfiguration section */
		64BBEBDB2E15B4FB00AB4DA4 /* Debug */ = {
			isa = XCBuildConfiguration;
			buildSettings = {
				ALWAYS_SEARCH_USER_PATHS = NO;
				ASSETCATALOG_COMPILER_GENERATE_SWIFT_ASSET_SYMBOL_EXTENSIONS = YES;
				CLANG_ANALYZER_NONNULL = YES;
				CLANG_ANALYZER_NUMBER_OBJECT_CONVERSION = YES_AGGRESSIVE;
				CLANG_CXX_LANGUAGE_STANDARD = "gnu++20";
				CLANG_ENABLE_MODULES = YES;
				CLANG_ENABLE_OBJC_ARC = YES;
				CLANG_ENABLE_OBJC_WEAK = YES;
				CLANG_WARN_BLOCK_CAPTURE_AUTORELEASING = YES;
				CLANG_WARN_BOOL_CONVERSION = YES;
				CLANG_WARN_COMMA = YES;
				CLANG_WARN_CONSTANT_CONVERSION = YES;
				CLANG_WARN_DEPRECATED_OBJC_IMPLEMENTATIONS = YES;
				CLANG_WARN_DIRECT_OBJC_ISA_USAGE = YES_ERROR;
				CLANG_WARN_DOCUMENTATION_COMMENTS = YES;
				CLANG_WARN_EMPTY_BODY = YES;
				CLANG_WARN_ENUM_CONVERSION = YES;
				CLANG_WARN_INFINITE_RECURSION = YES;
				CLANG_WARN_INT_CONVERSION = YES;
				CLANG_WARN_NON_LITERAL_NULL_CONVERSION = YES;
				CLANG_WARN_OBJC_IMPLICIT_RETAIN_SELF = YES;
				CLANG_WARN_OBJC_LITERAL_CONVERSION = YES;
				CLANG_WARN_OBJC_ROOT_CLASS = YES_ERROR;
				CLANG_WARN_QUOTED_INCLUDE_IN_FRAMEWORK_HEADER = YES;
				CLANG_WARN_RANGE_LOOP_ANALYSIS = YES;
				CLANG_WARN_STRICT_PROTOTYPES = YES;
				CLANG_WARN_SUSPICIOUS_MOVE = YES;
				CLANG_WARN_UNGUARDED_AVAILABILITY = YES_AGGRESSIVE;
				CLANG_WARN_UNREACHABLE_CODE = YES;
				CLANG_WARN__DUPLICATE_METHOD_MATCH = YES;
				COPY_PHASE_STRIP = NO;
				DEBUG_INFORMATION_FORMAT = dwarf;
				ENABLE_STRICT_OBJC_MSGSEND = YES;
				ENABLE_TESTABILITY = YES;
				ENABLE_USER_SCRIPT_SANDBOXING = YES;
				GCC_C_LANGUAGE_STANDARD = gnu17;
				GCC_DYNAMIC_NO_PIC = NO;
				GCC_NO_COMMON_BLOCKS = YES;
				GCC_OPTIMIZATION_LEVEL = 0;
				GCC_PREPROCESSOR_DEFINITIONS = (
					"DEBUG=1",
					"$(inherited)",
				);
				GCC_WARN_64_TO_32_BIT_CONVERSION = YES;
				GCC_WARN_ABOUT_RETURN_TYPE = YES_ERROR;
				GCC_WARN_UNDECLARED_SELECTOR = YES;
				GCC_WARN_UNINITIALIZED_AUTOS = YES_AGGRESSIVE;
				GCC_WARN_UNUSED_FUNCTION = YES;
				GCC_WARN_UNUSED_VARIABLE = YES;
				IPHONEOS_DEPLOYMENT_TARGET = 18.5;
				LOCALIZATION_PREFERS_STRING_CATALOGS = YES;
				MTL_ENABLE_DEBUG_INFO = INCLUDE_SOURCE;
				MTL_FAST_MATH = YES;
				ONLY_ACTIVE_ARCH = YES;
				SDKROOT = iphoneos;
				SWIFT_ACTIVE_COMPILATION_CONDITIONS = "DEBUG $(inherited)";
				SWIFT_OPTIMIZATION_LEVEL = "-Onone";
			};
			name = Debug;
		};
		64BBEBDC2E15B4FB00AB4DA4 /* Release */ = {
			isa = XCBuildConfiguration;
			buildSettings = {
				ALWAYS_SEARCH_USER_PATHS = NO;
				ASSETCATALOG_COMPILER_GENERATE_SWIFT_ASSET_SYMBOL_EXTENSIONS = YES;
				CLANG_ANALYZER_NONNULL = YES;
				CLANG_ANALYZER_NUMBER_OBJECT_CONVERSION = YES_AGGRESSIVE;
				CLANG_CXX_LANGUAGE_STANDARD = "gnu++20";
				CLANG_ENABLE_MODULES = YES;
				CLANG_ENABLE_OBJC_ARC = YES;
				CLANG_ENABLE_OBJC_WEAK = YES;
				CLANG_WARN_BLOCK_CAPTURE_AUTORELEASING = YES;
				CLANG_WARN_BOOL_CONVERSION = YES;
				CLANG_WARN_COMMA = YES;
				CLANG_WARN_CONSTANT_CONVERSION = YES;
				CLANG_WARN_DEPRECATED_OBJC_IMPLEMENTATIONS = YES;
				CLANG_WARN_DIRECT_OBJC_ISA_USAGE = YES_ERROR;
				CLANG_WARN_DOCUMENTATION_COMMENTS = YES;
				CLANG_WARN_EMPTY_BODY = YES;
				CLANG_WARN_ENUM_CONVERSION = YES;
				CLANG_WARN_INFINITE_RECURSION = YES;
				CLANG_WARN_INT_CONVERSION = YES;
				CLANG_WARN_NON_LITERAL_NULL_CONVERSION = YES;
				CLANG_WARN_OBJC_IMPLICIT_RETAIN_SELF = YES;
				CLANG_WARN_OBJC_LITERAL_CONVERSION = YES;
				CLANG_WARN_OBJC_ROOT_CLASS = YES_ERROR;
				CLANG_WARN_QUOTED_INCLUDE_IN_FRAMEWORK_HEADER = YES;
				CLANG_WARN_RANGE_LOOP_ANALYSIS = YES;
				CLANG_WARN_STRICT_PROTOTYPES = YES;
				CLANG_WARN_SUSPICIOUS_MOVE = YES;
				CLANG_WARN_UNGUARDED_AVAILABILITY = YES_AGGRESSIVE;
				CLANG_WARN_UNREACHABLE_CODE = YES;
				CLANG_WARN__DUPLICATE_METHOD_MATCH = YES;
				COPY_PHASE_STRIP = NO;
				DEBUG_INFORMATION_FORMAT = "dwarf-with-dsym";
				ENABLE_NS_ASSERTIONS = NO;
				ENABLE_STRICT_OBJC_MSGSEND = YES;
				ENABLE_USER_SCRIPT_SANDBOXING = YES;
				GCC_C_LANGUAGE_STANDARD = gnu17;
				GCC_NO_COMMON_BLOCKS = YES;
				GCC_WARN_64_TO_32_BIT_CONVERSION = YES;
				GCC_WARN_ABOUT_RETURN_TYPE = YES_ERROR;
				GCC_WARN_UNDECLARED_SELECTOR = YES;
				GCC_WARN_UNINITIALIZED_AUTOS = YES_AGGRESSIVE;
				GCC_WARN_UNUSED_FUNCTION = YES;
				GCC_WARN_UNUSED_VARIABLE = YES;
				IPHONEOS_DEPLOYMENT_TARGET = 18.5;
				LOCALIZATION_PREFERS_STRING_CATALOGS = YES;
				MTL_ENABLE_DEBUG_INFO = NO;
				MTL_FAST_MATH = YES;
				SDKROOT = iphoneos;
				SWIFT_COMPILATION_MODE = wholemodule;
				VALIDATE_PRODUCT = YES;
			};
			name = Release;
		};
		64BBEBDE2E15B4FB00AB4DA4 /* Debug */ = {
			isa = XCBuildConfiguration;
			buildSettings = {
				ASSETCATALOG_COMPILER_APPICON_NAME = AppIcon;
				ASSETCATALOG_COMPILER_GLOBAL_ACCENT_COLOR_NAME = AccentColor;
				CODE_SIGN_STYLE = Automatic;
				CURRENT_PROJECT_VERSION = 1;
				ENABLE_PREVIEWS = YES;
				GENERATE_INFOPLIST_FILE = YES;
				INFOPLIST_KEY_UIApplicationSceneManifest_Generation = YES;
				INFOPLIST_KEY_UIApplicationSupportsIndirectInputEvents = YES;
				INFOPLIST_KEY_UILaunchScreen_Generation = YES;
				INFOPLIST_KEY_UISupportedInterfaceOrientations_iPad = "UIInterfaceOrientationPortrait UIInterfaceOrientationPortraitUpsideDown UIInterfaceOrientationLandscapeLeft UIInterfaceOrientationLandscapeRight";
				INFOPLIST_KEY_UISupportedInterfaceOrientations_iPhone = "UIInterfaceOrientationPortrait UIInterfaceOrientationLandscapeLeft UIInterfaceOrientationLandscapeRight";
				LD_RUNPATH_SEARCH_PATHS = (
					"$(inherited)",
					"@executable_path/Frameworks",
				);
				MARKETING_VERSION = 1.0;
				PRODUCT_BUNDLE_IDENTIFIER = com.lefthandedapps.chatterBot;
				PRODUCT_NAME = "$(TARGET_NAME)";
				SWIFT_EMIT_LOC_STRINGS = YES;
				SWIFT_VERSION = 5.0;
				TARGETED_DEVICE_FAMILY = "1,2";
			};
			name = Debug;
		};
		64BBEBDF2E15B4FB00AB4DA4 /* Release */ = {
			isa = XCBuildConfiguration;
			buildSettings = {
				ASSETCATALOG_COMPILER_APPICON_NAME = AppIcon;
				ASSETCATALOG_COMPILER_GLOBAL_ACCENT_COLOR_NAME = AccentColor;
				CODE_SIGN_STYLE = Automatic;
				CURRENT_PROJECT_VERSION = 1;
				ENABLE_PREVIEWS = YES;
				GENERATE_INFOPLIST_FILE = YES;
				INFOPLIST_KEY_UIApplicationSceneManifest_Generation = YES;
				INFOPLIST_KEY_UIApplicationSupportsIndirectInputEvents = YES;
				INFOPLIST_KEY_UILaunchScreen_Generation = YES;
				INFOPLIST_KEY_UISupportedInterfaceOrientations_iPad = "UIInterfaceOrientationPortrait UIInterfaceOrientationPortraitUpsideDown UIInterfaceOrientationLandscapeLeft UIInterfaceOrientationLandscapeRight";
				INFOPLIST_KEY_UISupportedInterfaceOrientations_iPhone = "UIInterfaceOrientationPortrait UIInterfaceOrientationLandscapeLeft UIInterfaceOrientationLandscapeRight";
				LD_RUNPATH_SEARCH_PATHS = (
					"$(inherited)",
					"@executable_path/Frameworks",
				);
				MARKETING_VERSION = 1.0;
				PRODUCT_BUNDLE_IDENTIFIER = com.lefthandedapps.chatterBot;
				PRODUCT_NAME = "$(TARGET_NAME)";
				SWIFT_EMIT_LOC_STRINGS = YES;
				SWIFT_VERSION = 5.0;
				TARGETED_DEVICE_FAMILY = "1,2";
			};
			name = Release;
		};
/* End XCBuildConfiguration section */

/* Begin XCConfigurationList section */
		64BBEBCD2E15B4FA00AB4DA4 /* Build configuration list for PBXProject "chatterBot" */ = {
			isa = XCConfigurationList;
			buildConfigurations = (
				64BBEBDB2E15B4FB00AB4DA4 /* Debug */,
				64BBEBDC2E15B4FB00AB4DA4 /* Release */,
			);
			defaultConfigurationIsVisible = 0;
			defaultConfigurationName = Release;
		};
		64BBEBDD2E15B4FB00AB4DA4 /* Build configuration list for PBXNativeTarget "chatterBot" */ = {
			isa = XCConfigurationList;
			buildConfigurations = (
				64BBEBDE2E15B4FB00AB4DA4 /* Debug */,
				64BBEBDF2E15B4FB00AB4DA4 /* Release */,
			);
			defaultConfigurationIsVisible = 0;
			defaultConfigurationName = Release;
		};
/* End XCConfigurationList section */
	};
	rootObject = 64BBEBCA2E15B4FA00AB4DA4 /* Project object */;
}
